
Microsoft Visual Studio Solution File, Format Version 12.00
# Visual Studio Version 17
VisualStudioVersion = 17.0.31903.59
MinimumVisualStudioVersion = 10.0.40219.1
Project("{2150E333-8FDC-42A3-9474-1A3956D46DE8}") = "src", "src", "{C78B078F-7326-4D76-9B6A-59B90ACFC83C}"
EndProject
Project("{2150E333-8FDC-42A3-9474-1A3956D46DE8}") = "tests", "tests", "{B320737B-E680-455D-99C5-E433B51B22FE}"
EndProject
Project("{2150E333-8FDC-42A3-9474-1A3956D46DE8}") = "Modules", "Modules", "{89601835-E5C7-4780-A137-5D7C5C80B29B}"
EndProject
Project("{2150E333-8FDC-42A3-9474-1A3956D46DE8}") = "Shared", "Shared", "{05A07FA1-0490-4727-A2C6-49DD09BD621D}"
EndProject
Project("{9A19103F-16F7-4668-BE54-9A1E7A4F7556}") = "CryptoExchange.Shared.Infrastructure", "src\Shared\CryptoExchange.Shared.Infrastructure\CryptoExchange.Shared.Infrastructure.csproj", "{58D57D68-D557-4D0D-A6AE-666E208457F3}"
EndProject
Project("{2150E333-8FDC-42A3-9474-1A3956D46DE8}") = "Bootstrapper", "Bootstrapper", "{570CCA35-7F6D-4552-8EFF-47EA458340CF}"
EndProject
Project("{9A19103F-16F7-4668-BE54-9A1E7A4F7556}") = "CryptoExchange.Shared.Abstractions", "src\Shared\CryptoExchange.Shared.Abstractions\CryptoExchange.Shared.Abstractions.csproj", "{4C5E4277-61CF-4085-A0CB-81FA9BC74C2D}"
EndProject
Project("{2150E333-8FDC-42A3-9474-1A3956D46DE8}") = "Users", "Users", "{1CB2F2BD-4D7D-4FD2-8D21-12BFFE7246EC}"
EndProject
Project("{2150E333-8FDC-42A3-9474-1A3956D46DE8}") = "Wallets", "Wallets", "{E0DBE549-1F42-4842-9F2D-9A327C5F3A8B}"
EndProject
Project("{9A19103F-16F7-4668-BE54-9A1E7A4F7556}") = "CryptoExchange.Modules.Wallets.Api", "src\Modules\CryptoExchange.Modules.Wallets.Api\CryptoExchange.Modules.Wallets.Api.csproj", "{6D2EC416-9C12-40ED-B7C3-2AEDD4D45ED9}"
EndProject
Project("{2150E333-8FDC-42A3-9474-1A3956D46DE8}") = "Tokens", "Tokens", "{64094F49-9378-40AB-9F99-238656E8385B}"
EndProject
Project("{9A19103F-16F7-4668-BE54-9A1E7A4F7556}") = "CryptoExchange.Modules.Tokens.Core", "src\Modules\CryptoExchange.Modules.Tokens.Core\CryptoExchange.Modules.Tokens.Core.csproj", "{DC1FE338-6E4D-4E2B-8C26-43973D0F91A8}"
EndProject
Project("{9A19103F-16F7-4668-BE54-9A1E7A4F7556}") = "CryptoExchange.Modules.Wallets.Core", "src\Modules\CryptoExchange.Modules.Wallets.Core\CryptoExchange.Modules.Wallets.Core.csproj", "{CD2FCE78-1763-436F-974B-2563C73AFA68}"
EndProject
Project("{9A19103F-16F7-4668-BE54-9A1E7A4F7556}") = "Bootstrapper.CryptoExchange", "src\Bootstrapper\Bootstrapper.CryptoExchange\Bootstrapper.CryptoExchange.csproj", "{AFD097A7-6114-42D7-B2E5-3735E9EA0E02}"
EndProject
Project("{9A19103F-16F7-4668-BE54-9A1E7A4F7556}") = "CryptoExchange.Modules.Users.Core", "src\Modules\CryptoExchange.Modules.Users.Core\CryptoExchange.Modules.Users.Core.csproj", "{0C0C5B32-214C-45C1-90A7-86846DE0698F}"
EndProject
Project("{9A19103F-16F7-4668-BE54-9A1E7A4F7556}") = "CryptoExchange.Modules.Users.Api", "src\Modules\CryptoExchange.Modules.Users.Api\CryptoExchange.Modules.Users.Api.csproj", "{C701E30E-7D9C-41F8-8731-F18333431D5A}"
EndProject
Project("{2150E333-8FDC-42A3-9474-1A3956D46DE8}") = "Transfers", "Transfers", "{33F76C40-67A7-4F9A-B7FA-1F49BBB82999}"
EndProject
Project("{9A19103F-16F7-4668-BE54-9A1E7A4F7556}") = "CryptoExchange.Modules.Transfers.Api", "src\Modules\CryptoExchange.Modules.Transfers.Api\CryptoExchange.Modules.Transfers.Api.csproj", "{2AB4B0A3-5198-4AA4-8BFD-6F35EA6B9FBF}"
EndProject
Project("{9A19103F-16F7-4668-BE54-9A1E7A4F7556}") = "CryptoExchange.Modules.Transfers.Core", "src\Modules\CryptoExchange.Modules.Transfers.Core\CryptoExchange.Modules.Transfers.Core.csproj", "{8A3F2D32-2E09-476C-80A8-061D5E95ACCD}"
EndProject
Project("{9A19103F-16F7-4668-BE54-9A1E7A4F7556}") = "CryptoExchange.Modules.Tokens.Api", "src\Modules\CryptoExchange.Modules.Tokens.Api\CryptoExchange.Modules.Tokens.Api.csproj", "{7DFEEF4F-45AD-4B4F-A5E7-B8192B8EFEF1}"
EndProject
Project("{FAE04EC0-301F-11D3-BF4B-00C04F79EFBC}") = "CryptoExchange.Modules.Users.Messages", "src\Modules\CryptoExchange.Modules.Users.Messages\CryptoExchange.Modules.Users.Messages.csproj", "{6588BBE3-0648-4267-85BE-2AEB396CCDD7}"
EndProject
Global
	GlobalSection(SolutionConfigurationPlatforms) = preSolution
		Debug|Any CPU = Debug|Any CPU
		Release|Any CPU = Release|Any CPU
	EndGlobalSection
	GlobalSection(ProjectConfigurationPlatforms) = postSolution
		{58D57D68-D557-4D0D-A6AE-666E208457F3}.Debug|Any CPU.ActiveCfg = Debug|Any CPU
		{58D57D68-D557-4D0D-A6AE-666E208457F3}.Debug|Any CPU.Build.0 = Debug|Any CPU
		{58D57D68-D557-4D0D-A6AE-666E208457F3}.Release|Any CPU.ActiveCfg = Release|Any CPU
		{58D57D68-D557-4D0D-A6AE-666E208457F3}.Release|Any CPU.Build.0 = Release|Any CPU
		{4C5E4277-61CF-4085-A0CB-81FA9BC74C2D}.Debug|Any CPU.ActiveCfg = Debug|Any CPU
		{4C5E4277-61CF-4085-A0CB-81FA9BC74C2D}.Debug|Any CPU.Build.0 = Debug|Any CPU
		{4C5E4277-61CF-4085-A0CB-81FA9BC74C2D}.Release|Any CPU.ActiveCfg = Release|Any CPU
		{4C5E4277-61CF-4085-A0CB-81FA9BC74C2D}.Release|Any CPU.Build.0 = Release|Any CPU
		{6D2EC416-9C12-40ED-B7C3-2AEDD4D45ED9}.Debug|Any CPU.ActiveCfg = Debug|Any CPU
		{6D2EC416-9C12-40ED-B7C3-2AEDD4D45ED9}.Debug|Any CPU.Build.0 = Debug|Any CPU
		{6D2EC416-9C12-40ED-B7C3-2AEDD4D45ED9}.Release|Any CPU.ActiveCfg = Release|Any CPU
		{6D2EC416-9C12-40ED-B7C3-2AEDD4D45ED9}.Release|Any CPU.Build.0 = Release|Any CPU
		{DC1FE338-6E4D-4E2B-8C26-43973D0F91A8}.Debug|Any CPU.ActiveCfg = Debug|Any CPU
		{DC1FE338-6E4D-4E2B-8C26-43973D0F91A8}.Debug|Any CPU.Build.0 = Debug|Any CPU
		{DC1FE338-6E4D-4E2B-8C26-43973D0F91A8}.Release|Any CPU.ActiveCfg = Release|Any CPU
		{DC1FE338-6E4D-4E2B-8C26-43973D0F91A8}.Release|Any CPU.Build.0 = Release|Any CPU
		{CD2FCE78-1763-436F-974B-2563C73AFA68}.Debug|Any CPU.ActiveCfg = Debug|Any CPU
		{CD2FCE78-1763-436F-974B-2563C73AFA68}.Debug|Any CPU.Build.0 = Debug|Any CPU
		{CD2FCE78-1763-436F-974B-2563C73AFA68}.Release|Any CPU.ActiveCfg = Release|Any CPU
		{CD2FCE78-1763-436F-974B-2563C73AFA68}.Release|Any CPU.Build.0 = Release|Any CPU
		{AFD097A7-6114-42D7-B2E5-3735E9EA0E02}.Debug|Any CPU.ActiveCfg = Debug|Any CPU
		{AFD097A7-6114-42D7-B2E5-3735E9EA0E02}.Debug|Any CPU.Build.0 = Debug|Any CPU
		{AFD097A7-6114-42D7-B2E5-3735E9EA0E02}.Release|Any CPU.ActiveCfg = Release|Any CPU
		{AFD097A7-6114-42D7-B2E5-3735E9EA0E02}.Release|Any CPU.Build.0 = Release|Any CPU
		{0C0C5B32-214C-45C1-90A7-86846DE0698F}.Debug|Any CPU.ActiveCfg = Debug|Any CPU
		{0C0C5B32-214C-45C1-90A7-86846DE0698F}.Debug|Any CPU.Build.0 = Debug|Any CPU
		{0C0C5B32-214C-45C1-90A7-86846DE0698F}.Release|Any CPU.ActiveCfg = Release|Any CPU
		{0C0C5B32-214C-45C1-90A7-86846DE0698F}.Release|Any CPU.Build.0 = Release|Any CPU
		{C701E30E-7D9C-41F8-8731-F18333431D5A}.Debug|Any CPU.ActiveCfg = Debug|Any CPU
		{C701E30E-7D9C-41F8-8731-F18333431D5A}.Debug|Any CPU.Build.0 = Debug|Any CPU
		{C701E30E-7D9C-41F8-8731-F18333431D5A}.Release|Any CPU.ActiveCfg = Release|Any CPU
		{C701E30E-7D9C-41F8-8731-F18333431D5A}.Release|Any CPU.Build.0 = Release|Any CPU
		{2AB4B0A3-5198-4AA4-8BFD-6F35EA6B9FBF}.Debug|Any CPU.ActiveCfg = Debug|Any CPU
		{2AB4B0A3-5198-4AA4-8BFD-6F35EA6B9FBF}.Debug|Any CPU.Build.0 = Debug|Any CPU
		{2AB4B0A3-5198-4AA4-8BFD-6F35EA6B9FBF}.Release|Any CPU.ActiveCfg = Release|Any CPU
		{2AB4B0A3-5198-4AA4-8BFD-6F35EA6B9FBF}.Release|Any CPU.Build.0 = Release|Any CPU
		{8A3F2D32-2E09-476C-80A8-061D5E95ACCD}.Debug|Any CPU.ActiveCfg = Debug|Any CPU
		{8A3F2D32-2E09-476C-80A8-061D5E95ACCD}.Debug|Any CPU.Build.0 = Debug|Any CPU
		{8A3F2D32-2E09-476C-80A8-061D5E95ACCD}.Release|Any CPU.ActiveCfg = Release|Any CPU
		{8A3F2D32-2E09-476C-80A8-061D5E95ACCD}.Release|Any CPU.Build.0 = Release|Any CPU
		{7DFEEF4F-45AD-4B4F-A5E7-B8192B8EFEF1}.Debug|Any CPU.ActiveCfg = Debug|Any CPU
		{7DFEEF4F-45AD-4B4F-A5E7-B8192B8EFEF1}.Debug|Any CPU.Build.0 = Debug|Any CPU
		{7DFEEF4F-45AD-4B4F-A5E7-B8192B8EFEF1}.Release|Any CPU.ActiveCfg = Release|Any CPU
		{7DFEEF4F-45AD-4B4F-A5E7-B8192B8EFEF1}.Release|Any CPU.Build.0 = Release|Any CPU
		{6588BBE3-0648-4267-85BE-2AEB396CCDD7}.Debug|Any CPU.ActiveCfg = Debug|Any CPU
		{6588BBE3-0648-4267-85BE-2AEB396CCDD7}.Debug|Any CPU.Build.0 = Debug|Any CPU
		{6588BBE3-0648-4267-85BE-2AEB396CCDD7}.Release|Any CPU.ActiveCfg = Release|Any CPU
		{6588BBE3-0648-4267-85BE-2AEB396CCDD7}.Release|Any CPU.Build.0 = Release|Any CPU
	EndGlobalSection
	GlobalSection(SolutionProperties) = preSolution
		HideSolutionNode = FALSE
	EndGlobalSection
	GlobalSection(NestedProjects) = preSolution
		{89601835-E5C7-4780-A137-5D7C5C80B29B} = {C78B078F-7326-4D76-9B6A-59B90ACFC83C}
		{05A07FA1-0490-4727-A2C6-49DD09BD621D} = {C78B078F-7326-4D76-9B6A-59B90ACFC83C}
		{58D57D68-D557-4D0D-A6AE-666E208457F3} = {05A07FA1-0490-4727-A2C6-49DD09BD621D}
		{570CCA35-7F6D-4552-8EFF-47EA458340CF} = {C78B078F-7326-4D76-9B6A-59B90ACFC83C}
		{4C5E4277-61CF-4085-A0CB-81FA9BC74C2D} = {05A07FA1-0490-4727-A2C6-49DD09BD621D}
		{1CB2F2BD-4D7D-4FD2-8D21-12BFFE7246EC} = {89601835-E5C7-4780-A137-5D7C5C80B29B}
		{E0DBE549-1F42-4842-9F2D-9A327C5F3A8B} = {89601835-E5C7-4780-A137-5D7C5C80B29B}
		{6D2EC416-9C12-40ED-B7C3-2AEDD4D45ED9} = {E0DBE549-1F42-4842-9F2D-9A327C5F3A8B}
		{64094F49-9378-40AB-9F99-238656E8385B} = {89601835-E5C7-4780-A137-5D7C5C80B29B}
		{DC1FE338-6E4D-4E2B-8C26-43973D0F91A8} = {64094F49-9378-40AB-9F99-238656E8385B}
		{CD2FCE78-1763-436F-974B-2563C73AFA68} = {E0DBE549-1F42-4842-9F2D-9A327C5F3A8B}
		{AFD097A7-6114-42D7-B2E5-3735E9EA0E02} = {570CCA35-7F6D-4552-8EFF-47EA458340CF}
		{0C0C5B32-214C-45C1-90A7-86846DE0698F} = {1CB2F2BD-4D7D-4FD2-8D21-12BFFE7246EC}
		{C701E30E-7D9C-41F8-8731-F18333431D5A} = {1CB2F2BD-4D7D-4FD2-8D21-12BFFE7246EC}
		{33F76C40-67A7-4F9A-B7FA-1F49BBB82999} = {89601835-E5C7-4780-A137-5D7C5C80B29B}
		{2AB4B0A3-5198-4AA4-8BFD-6F35EA6B9FBF} = {33F76C40-67A7-4F9A-B7FA-1F49BBB82999}
		{8A3F2D32-2E09-476C-80A8-061D5E95ACCD} = {33F76C40-67A7-4F9A-B7FA-1F49BBB82999}
		{7DFEEF4F-45AD-4B4F-A5E7-B8192B8EFEF1} = {64094F49-9378-40AB-9F99-238656E8385B}
		{6588BBE3-0648-4267-85BE-2AEB396CCDD7} = {1CB2F2BD-4D7D-4FD2-8D21-12BFFE7246EC}
	EndGlobalSection
	GlobalSection(ExtensibilityGlobals) = postSolution
		SolutionGuid = {C672D8FB-5088-4D33-BB7A-2E62BDAAE7CF}
	EndGlobalSection
EndGlobal
