
Microsoft Visual Studio Solution File, Format Version 12.00
# Visual Studio Version 17
VisualStudioVersion = 17.0.31903.59
MinimumVisualStudioVersion = 10.0.40219.1
Project("{2150E333-8FDC-42A3-9474-1A3956D46DE8}") = "src", "src", "{C78B078F-7326-4D76-9B6A-59B90ACFC83C}"
EndProject
Project("{2150E333-8FDC-42A3-9474-1A3956D46DE8}") = "tests", "tests", "{B320737B-E680-455D-99C5-E433B51B22FE}"
EndProject
Project("{2150E333-8FDC-42A3-9474-1A3956D46DE8}") = "Modules", "Modules", "{89601835-E5C7-4780-A137-5D7C5C80B29B}"
EndProject
Project("{2150E333-8FDC-42A3-9474-1A3956D46DE8}") = "Shared", "Shared", "{05A07FA1-0490-4727-A2C6-49DD09BD621D}"
EndProject
Project("{2150E333-8FDC-42A3-9474-1A3956D46DE8}") = "Users", "Users", "{30B39421-F30A-4E02-B693-2F3065434272}"
EndProject
Project("{9A19103F-16F7-4668-BE54-9A1E7A4F7556}") = "CryptoExchange.Modules.Users.Api", "src\Modules\CryptoExchange.Modules.Users.Api\CryptoExchange.Modules.Users.Api.csproj", "{3A28A4B2-0019-4144-B116-240EB4506C82}"
EndProject
Project("{9A19103F-16F7-4668-BE54-9A1E7A4F7556}") = "CryptoExchange.Modules.Users.Core", "src\Modules\CryptoExchange.Modules.Users.Core\CryptoExchange.Modules.Users.Core.csproj", "{1FAACCF0-8D88-49D9-B193-0127B602AD72}"
EndProject
Project("{9A19103F-16F7-4668-BE54-9A1E7A4F7556}") = "CryptoExchange.Shared.Abstractions", "src\Shared\CryptoExchange.Shared.Abstractions\CryptoExchange.Shared.Abstractions.csproj", "{C5554E44-92C5-4CB5-A457-21937856F141}"
EndProject
Project("{9A19103F-16F7-4668-BE54-9A1E7A4F7556}") = "CryptoExchange.Shared.Infrastructure", "src\Shared\CryptoExchange.Shared.Infrastructure\CryptoExchange.Shared.Infrastructure.csproj", "{58D57D68-D557-4D0D-A6AE-666E208457F3}"
EndProject
Project("{2150E333-8FDC-42A3-9474-1A3956D46DE8}") = "Bootstrapper", "Bootstrapper", "{570CCA35-7F6D-4552-8EFF-47EA458340CF}"
EndProject
Project("{FAE04EC0-301F-11D3-BF4B-00C04F79EFBC}") = "Boostrapper.CryptoExchange", "src\Bootstrapper\Exchange.Bootstrapper\Boostrapper.CryptoExchange\Boostrapper.CryptoExchange.csproj", "{6348459E-0C7C-48EB-A0D4-000AEEFD1443}"
EndProject
Global
	GlobalSection(SolutionConfigurationPlatforms) = preSolution
		Debug|Any CPU = Debug|Any CPU
		Release|Any CPU = Release|Any CPU
	EndGlobalSection
	GlobalSection(ProjectConfigurationPlatforms) = postSolution
		{3A28A4B2-0019-4144-B116-240EB4506C82}.Debug|Any CPU.ActiveCfg = Debug|Any CPU
		{3A28A4B2-0019-4144-B116-240EB4506C82}.Debug|Any CPU.Build.0 = Debug|Any CPU
		{3A28A4B2-0019-4144-B116-240EB4506C82}.Release|Any CPU.ActiveCfg = Release|Any CPU
		{3A28A4B2-0019-4144-B116-240EB4506C82}.Release|Any CPU.Build.0 = Release|Any CPU
		{1FAACCF0-8D88-49D9-B193-0127B602AD72}.Debug|Any CPU.ActiveCfg = Debug|Any CPU
		{1FAACCF0-8D88-49D9-B193-0127B602AD72}.Debug|Any CPU.Build.0 = Debug|Any CPU
		{1FAACCF0-8D88-49D9-B193-0127B602AD72}.Release|Any CPU.ActiveCfg = Release|Any CPU
		{1FAACCF0-8D88-49D9-B193-0127B602AD72}.Release|Any CPU.Build.0 = Release|Any CPU
		{C5554E44-92C5-4CB5-A457-21937856F141}.Debug|Any CPU.ActiveCfg = Debug|Any CPU
		{C5554E44-92C5-4CB5-A457-21937856F141}.Debug|Any CPU.Build.0 = Debug|Any CPU
		{C5554E44-92C5-4CB5-A457-21937856F141}.Release|Any CPU.ActiveCfg = Release|Any CPU
		{C5554E44-92C5-4CB5-A457-21937856F141}.Release|Any CPU.Build.0 = Release|Any CPU
		{58D57D68-D557-4D0D-A6AE-666E208457F3}.Debug|Any CPU.ActiveCfg = Debug|Any CPU
		{58D57D68-D557-4D0D-A6AE-666E208457F3}.Debug|Any CPU.Build.0 = Debug|Any CPU
		{58D57D68-D557-4D0D-A6AE-666E208457F3}.Release|Any CPU.ActiveCfg = Release|Any CPU
		{58D57D68-D557-4D0D-A6AE-666E208457F3}.Release|Any CPU.Build.0 = Release|Any CPU
		{6348459E-0C7C-48EB-A0D4-000AEEFD1443}.Debug|Any CPU.ActiveCfg = Debug|Any CPU
		{6348459E-0C7C-48EB-A0D4-000AEEFD1443}.Debug|Any CPU.Build.0 = Debug|Any CPU
		{6348459E-0C7C-48EB-A0D4-000AEEFD1443}.Release|Any CPU.ActiveCfg = Release|Any CPU
		{6348459E-0C7C-48EB-A0D4-000AEEFD1443}.Release|Any CPU.Build.0 = Release|Any CPU
	EndGlobalSection
	GlobalSection(SolutionProperties) = preSolution
		HideSolutionNode = FALSE
	EndGlobalSection
	GlobalSection(NestedProjects) = preSolution
		{89601835-E5C7-4780-A137-5D7C5C80B29B} = {C78B078F-7326-4D76-9B6A-59B90ACFC83C}
		{05A07FA1-0490-4727-A2C6-49DD09BD621D} = {C78B078F-7326-4D76-9B6A-59B90ACFC83C}
		{30B39421-F30A-4E02-B693-2F3065434272} = {89601835-E5C7-4780-A137-5D7C5C80B29B}
		{3A28A4B2-0019-4144-B116-240EB4506C82} = {30B39421-F30A-4E02-B693-2F3065434272}
		{1FAACCF0-8D88-49D9-B193-0127B602AD72} = {30B39421-F30A-4E02-B693-2F3065434272}
		{C5554E44-92C5-4CB5-A457-21937856F141} = {05A07FA1-0490-4727-A2C6-49DD09BD621D}
		{58D57D68-D557-4D0D-A6AE-666E208457F3} = {05A07FA1-0490-4727-A2C6-49DD09BD621D}
		{570CCA35-7F6D-4552-8EFF-47EA458340CF} = {C78B078F-7326-4D76-9B6A-59B90ACFC83C}
		{6348459E-0C7C-48EB-A0D4-000AEEFD1443} = {570CCA35-7F6D-4552-8EFF-47EA458340CF}
	EndGlobalSection
	GlobalSection(ExtensibilityGlobals) = postSolution
		SolutionGuid = {C672D8FB-5088-4D33-BB7A-2E62BDAAE7CF}
	EndGlobalSection
EndGlobal
